// !$*UTF8*$!
{
	archiveVersion = 1;
	classes = {
	};
	objectVersion = 50;
	objects = {

/* Begin PBXBuildFile section */
		DEBC661D267A3BF800E03ED0 /* AppDelegate.swift in Sources */ = {isa = PBXBuildFile; fileRef = DEBC661C267A3BF800E03ED0 /* AppDelegate.swift */; };
		DEBC6621267A3BF800E03ED0 /* HomeViewController.swift in Sources */ = {isa = PBXBuildFile; fileRef = DEBC6620267A3BF800E03ED0 /* HomeViewController.swift */; };
		DEBC6626267A3BFB00E03ED0 /* Assets.xcassets in Resources */ = {isa = PBXBuildFile; fileRef = DEBC6625267A3BFB00E03ED0 /* Assets.xcassets */; };
		DEBC6629267A3BFB00E03ED0 /* LaunchScreen.storyboard in Resources */ = {isa = PBXBuildFile; fileRef = DEBC6627267A3BFB00E03ED0 /* LaunchScreen.storyboard */; };
		DEBC6634267A3BFC00E03ED0 /* ChallengeiOSTests.swift in Sources */ = {isa = PBXBuildFile; fileRef = DEBC6633267A3BFC00E03ED0 /* ChallengeiOSTests.swift */; };
		DEBC663F267A3BFC00E03ED0 /* ChallengeiOSUITests.swift in Sources */ = {isa = PBXBuildFile; fileRef = DEBC663E267A3BFC00E03ED0 /* ChallengeiOSUITests.swift */; };
/* End PBXBuildFile section */

/* Begin PBXContainerItemProxy section */
		DEBC6630267A3BFC00E03ED0 /* PBXContainerItemProxy */ = {
			isa = PBXContainerItemProxy;
			containerPortal = DEBC6611267A3BF800E03ED0 /* Project object */;
			proxyType = 1;
			remoteGlobalIDString = DEBC6618267A3BF800E03ED0;
			remoteInfo = ChallengeiOS;
		};
		DEBC663B267A3BFC00E03ED0 /* PBXContainerItemProxy */ = {
			isa = PBXContainerItemProxy;
			containerPortal = DEBC6611267A3BF800E03ED0 /* Project object */;
			proxyType = 1;
			remoteGlobalIDString = DEBC6618267A3BF800E03ED0;
			remoteInfo = ChallengeiOS;
		};
/* End PBXContainerItemProxy section */

/* Begin PBXFileReference section */
		DEBC6619267A3BF800E03ED0 /* ChallengeiOS.app */ = {isa = PBXFileReference; explicitFileType = wrapper.application; includeInIndex = 0; path = ChallengeiOS.app; sourceTree = BUILT_PRODUCTS_DIR; };
		DEBC661C267A3BF800E03ED0 /* AppDelegate.swift */ = {isa = PBXFileReference; lastKnownFileType = sourcecode.swift; path = AppDelegate.swift; sourceTree = "<group>"; };
		DEBC6620267A3BF800E03ED0 /* HomeViewController.swift */ = {isa = PBXFileReference; lastKnownFileType = sourcecode.swift; path = HomeViewController.swift; sourceTree = "<group>"; };
		DEBC6625267A3BFB00E03ED0 /* Assets.xcassets */ = {isa = PBXFileReference; lastKnownFileType = folder.assetcatalog; path = Assets.xcassets; sourceTree = "<group>"; };
		DEBC6628267A3BFB00E03ED0 /* Base */ = {isa = PBXFileReference; lastKnownFileType = file.storyboard; name = Base; path = Base.lproj/LaunchScreen.storyboard; sourceTree = "<group>"; };
		DEBC662A267A3BFB00E03ED0 /* Info.plist */ = {isa = PBXFileReference; lastKnownFileType = text.plist.xml; path = Info.plist; sourceTree = "<group>"; };
		DEBC662F267A3BFC00E03ED0 /* ChallengeiOSTests.xctest */ = {isa = PBXFileReference; explicitFileType = wrapper.cfbundle; includeInIndex = 0; path = ChallengeiOSTests.xctest; sourceTree = BUILT_PRODUCTS_DIR; };
		DEBC6633267A3BFC00E03ED0 /* ChallengeiOSTests.swift */ = {isa = PBXFileReference; lastKnownFileType = sourcecode.swift; path = ChallengeiOSTests.swift; sourceTree = "<group>"; };
		DEBC6635267A3BFC00E03ED0 /* Info.plist */ = {isa = PBXFileReference; lastKnownFileType = text.plist.xml; path = Info.plist; sourceTree = "<group>"; };
		DEBC663A267A3BFC00E03ED0 /* ChallengeiOSUITests.xctest */ = {isa = PBXFileReference; explicitFileType = wrapper.cfbundle; includeInIndex = 0; path = ChallengeiOSUITests.xctest; sourceTree = BUILT_PRODUCTS_DIR; };
		DEBC663E267A3BFC00E03ED0 /* ChallengeiOSUITests.swift */ = {isa = PBXFileReference; lastKnownFileType = sourcecode.swift; path = ChallengeiOSUITests.swift; sourceTree = "<group>"; };
		DEBC6640267A3BFC00E03ED0 /* Info.plist */ = {isa = PBXFileReference; lastKnownFileType = text.plist.xml; path = Info.plist; sourceTree = "<group>"; };
/* End PBXFileReference section */

/* Begin PBXFrameworksBuildPhase section */
		DEBC6616267A3BF800E03ED0 /* Frameworks */ = {
			isa = PBXFrameworksBuildPhase;
			buildActionMask = 2147483647;
			files = (
			);
			runOnlyForDeploymentPostprocessing = 0;
		};
		DEBC662C267A3BFC00E03ED0 /* Frameworks */ = {
			isa = PBXFrameworksBuildPhase;
			buildActionMask = 2147483647;
			files = (
			);
			runOnlyForDeploymentPostprocessing = 0;
		};
		DEBC6637267A3BFC00E03ED0 /* Frameworks */ = {
			isa = PBXFrameworksBuildPhase;
			buildActionMask = 2147483647;
			files = (
			);
			runOnlyForDeploymentPostprocessing = 0;
		};
/* End PBXFrameworksBuildPhase section */

/* Begin PBXGroup section */
		DEBC6610267A3BF800E03ED0 = {
			isa = PBXGroup;
			children = (
				DEBC661B267A3BF800E03ED0 /* ChallengeiOS */,
				DEBC6632267A3BFC00E03ED0 /* ChallengeiOSTests */,
				DEBC663D267A3BFC00E03ED0 /* ChallengeiOSUITests */,
				DEBC661A267A3BF800E03ED0 /* Products */,
			);
			sourceTree = "<group>";
		};
		DEBC661A267A3BF800E03ED0 /* Products */ = {
			isa = PBXGroup;
			children = (
				DEBC6619267A3BF800E03ED0 /* ChallengeiOS.app */,
				DEBC662F267A3BFC00E03ED0 /* ChallengeiOSTests.xctest */,
				DEBC663A267A3BFC00E03ED0 /* ChallengeiOSUITests.xctest */,
			);
			name = Products;
			sourceTree = "<group>";
		};
		DEBC661B267A3BF800E03ED0 /* ChallengeiOS */ = {
			isa = PBXGroup;
			children = (
				DEBC661C267A3BF800E03ED0 /* AppDelegate.swift */,
				DEBC6620267A3BF800E03ED0 /* HomeViewController.swift */,
				DEBC6625267A3BFB00E03ED0 /* Assets.xcassets */,
				DEBC6627267A3BFB00E03ED0 /* LaunchScreen.storyboard */,
				DEBC662A267A3BFB00E03ED0 /* Info.plist */,
			);
			path = ChallengeiOS;
			sourceTree = "<group>";
		};
		DEBC6632267A3BFC00E03ED0 /* ChallengeiOSTests */ = {
			isa = PBXGroup;
			children = (
				DEBC6633267A3BFC00E03ED0 /* ChallengeiOSTests.swift */,
				DEBC6635267A3BFC00E03ED0 /* Info.plist */,
			);
			path = ChallengeiOSTests;
			sourceTree = "<group>";
		};
		DEBC663D267A3BFC00E03ED0 /* ChallengeiOSUITests */ = {
			isa = PBXGroup;
			children = (
				DEBC663E267A3BFC00E03ED0 /* ChallengeiOSUITests.swift */,
				DEBC6640267A3BFC00E03ED0 /* Info.plist */,
			);
			path = ChallengeiOSUITests;
			sourceTree = "<group>";
		};
/* End PBXGroup section */

/* Begin PBXNativeTarget section */
		DEBC6618267A3BF800E03ED0 /* ChallengeiOS */ = {
			isa = PBXNativeTarget;
			buildConfigurationList = DEBC6643267A3BFC00E03ED0 /* Build configuration list for PBXNativeTarget "ChallengeiOS" */;
			buildPhases = (
				DEBC6615267A3BF800E03ED0 /* Sources */,
				DEBC6616267A3BF800E03ED0 /* Frameworks */,
				DEBC6617267A3BF800E03ED0 /* Resources */,
			);
			buildRules = (
			);
			dependencies = (
			);
			name = ChallengeiOS;
			productName = ChallengeiOS;
			productReference = DEBC6619267A3BF800E03ED0 /* ChallengeiOS.app */;
			productType = "com.apple.product-type.application";
		};
		DEBC662E267A3BFC00E03ED0 /* ChallengeiOSTests */ = {
			isa = PBXNativeTarget;
			buildConfigurationList = DEBC6646267A3BFC00E03ED0 /* Build configuration list for PBXNativeTarget "ChallengeiOSTests" */;
			buildPhases = (
				DEBC662B267A3BFC00E03ED0 /* Sources */,
				DEBC662C267A3BFC00E03ED0 /* Frameworks */,
				DEBC662D267A3BFC00E03ED0 /* Resources */,
			);
			buildRules = (
			);
			dependencies = (
				DEBC6631267A3BFC00E03ED0 /* PBXTargetDependency */,
			);
			name = ChallengeiOSTests;
			productName = ChallengeiOSTests;
			productReference = DEBC662F267A3BFC00E03ED0 /* ChallengeiOSTests.xctest */;
			productType = "com.apple.product-type.bundle.unit-test";
		};
		DEBC6639267A3BFC00E03ED0 /* ChallengeiOSUITests */ = {
			isa = PBXNativeTarget;
			buildConfigurationList = DEBC6649267A3BFC00E03ED0 /* Build configuration list for PBXNativeTarget "ChallengeiOSUITests" */;
			buildPhases = (
				DEBC6636267A3BFC00E03ED0 /* Sources */,
				DEBC6637267A3BFC00E03ED0 /* Frameworks */,
				DEBC6638267A3BFC00E03ED0 /* Resources */,
			);
			buildRules = (
			);
			dependencies = (
				DEBC663C267A3BFC00E03ED0 /* PBXTargetDependency */,
			);
			name = ChallengeiOSUITests;
			productName = ChallengeiOSUITests;
			productReference = DEBC663A267A3BFC00E03ED0 /* ChallengeiOSUITests.xctest */;
			productType = "com.apple.product-type.bundle.ui-testing";
		};
/* End PBXNativeTarget section */

/* Begin PBXProject section */
		DEBC6611267A3BF800E03ED0 /* Project object */ = {
			isa = PBXProject;
			attributes = {
				LastSwiftUpdateCheck = 1240;
				LastUpgradeCheck = 1240;
				TargetAttributes = {
					DEBC6618267A3BF800E03ED0 = {
						CreatedOnToolsVersion = 12.4;
					};
					DEBC662E267A3BFC00E03ED0 = {
						CreatedOnToolsVersion = 12.4;
						TestTargetID = DEBC6618267A3BF800E03ED0;
					};
					DEBC6639267A3BFC00E03ED0 = {
						CreatedOnToolsVersion = 12.4;
						TestTargetID = DEBC6618267A3BF800E03ED0;
					};
				};
			};
			buildConfigurationList = DEBC6614267A3BF800E03ED0 /* Build configuration list for PBXProject "ChallengeiOS" */;
			compatibilityVersion = "Xcode 9.3";
			developmentRegion = en;
			hasScannedForEncodings = 0;
			knownRegions = (
				en,
				Base,
			);
			mainGroup = DEBC6610267A3BF800E03ED0;
			productRefGroup = DEBC661A267A3BF800E03ED0 /* Products */;
			projectDirPath = "";
			projectRoot = "";
			targets = (
				DEBC6618267A3BF800E03ED0 /* ChallengeiOS */,
				DEBC662E267A3BFC00E03ED0 /* ChallengeiOSTests */,
				DEBC6639267A3BFC00E03ED0 /* ChallengeiOSUITests */,
			);
		};
/* End PBXProject section */

/* Begin PBXResourcesBuildPhase section */
		DEBC6617267A3BF800E03ED0 /* Resources */ = {
			isa = PBXResourcesBuildPhase;
			buildActionMask = 2147483647;
			files = (
				DEBC6629267A3BFB00E03ED0 /* LaunchScreen.storyboard in Resources */,
				DEBC6626267A3BFB00E03ED0 /* Assets.xcassets in Resources */,
			);
			runOnlyForDeploymentPostprocessing = 0;
		};
		DEBC662D267A3BFC00E03ED0 /* Resources */ = {
			isa = PBXResourcesBuildPhase;
			buildActionMask = 2147483647;
			files = (
			);
			runOnlyForDeploymentPostprocessing = 0;
		};
		DEBC6638267A3BFC00E03ED0 /* Resources */ = {
			isa = PBXResourcesBuildPhase;
			buildActionMask = 2147483647;
			files = (
			);
			runOnlyForDeploymentPostprocessing = 0;
		};
/* End PBXResourcesBuildPhase section */

/* Begin PBXSourcesBuildPhase section */
		DEBC6615267A3BF800E03ED0 /* Sources */ = {
			isa = PBXSourcesBuildPhase;
			buildActionMask = 2147483647;
			files = (
				DEBC6621267A3BF800E03ED0 /* HomeViewController.swift in Sources */,
				DEBC661D267A3BF800E03ED0 /* AppDelegate.swift in Sources */,
			);
			runOnlyForDeploymentPostprocessing = 0;
		};
		DEBC662B267A3BFC00E03ED0 /* Sources */ = {
			isa = PBXSourcesBuildPhase;
			buildActionMask = 2147483647;
			files = (
				DEBC6634267A3BFC00E03ED0 /* ChallengeiOSTests.swift in Sources */,
			);
			runOnlyForDeploymentPostprocessing = 0;
		};
		DEBC6636267A3BFC00E03ED0 /* Sources */ = {
			isa = PBXSourcesBuildPhase;
			buildActionMask = 2147483647;
			files = (
				DEBC663F267A3BFC00E03ED0 /* ChallengeiOSUITests.swift in Sources */,
			);
			runOnlyForDeploymentPostprocessing = 0;
		};
/* End PBXSourcesBuildPhase section */

/* Begin PBXTargetDependency section */
		DEBC6631267A3BFC00E03ED0 /* PBXTargetDependency */ = {
			isa = PBXTargetDependency;
			target = DEBC6618267A3BF800E03ED0 /* ChallengeiOS */;
			targetProxy = DEBC6630267A3BFC00E03ED0 /* PBXContainerItemProxy */;
		};
		DEBC663C267A3BFC00E03ED0 /* PBXTargetDependency */ = {
			isa = PBXTargetDependency;
			target = DEBC6618267A3BF800E03ED0 /* ChallengeiOS */;
			targetProxy = DEBC663B267A3BFC00E03ED0 /* PBXContainerItemProxy */;
		};
/* End PBXTargetDependency section */

/* Begin PBXVariantGroup section */
		DEBC6627267A3BFB00E03ED0 /* LaunchScreen.storyboard */ = {
			isa = PBXVariantGroup;
			children = (
				DEBC6628267A3BFB00E03ED0 /* Base */,
			);
			name = LaunchScreen.storyboard;
			sourceTree = "<group>";
		};
/* End PBXVariantGroup section */

/* Begin XCBuildConfiguration section */
		DEBC6641267A3BFC00E03ED0 /* Debug */ = {
			isa = XCBuildConfiguration;
			buildSettings = {
				ALWAYS_SEARCH_USER_PATHS = NO;
				CLANG_ANALYZER_NONNULL = YES;
				CLANG_ANALYZER_NUMBER_OBJECT_CONVERSION = YES_AGGRESSIVE;
				CLANG_CXX_LANGUAGE_STANDARD = "gnu++14";
				CLANG_CXX_LIBRARY = "libc++";
				CLANG_ENABLE_MODULES = YES;
				CLANG_ENABLE_OBJC_ARC = YES;
				CLANG_ENABLE_OBJC_WEAK = YES;
				CLANG_WARN_BLOCK_CAPTURE_AUTORELEASING = YES;
				CLANG_WARN_BOOL_CONVERSION = YES;
				CLANG_WARN_COMMA = YES;
				CLANG_WARN_CONSTANT_CONVERSION = YES;
				CLANG_WARN_DEPRECATED_OBJC_IMPLEMENTATIONS = YES;
				CLANG_WARN_DIRECT_OBJC_ISA_USAGE = YES_ERROR;
				CLANG_WARN_DOCUMENTATION_COMMENTS = YES;
				CLANG_WARN_EMPTY_BODY = YES;
				CLANG_WARN_ENUM_CONVERSION = YES;
				CLANG_WARN_INFINITE_RECURSION = YES;
				CLANG_WARN_INT_CONVERSION = YES;
				CLANG_WARN_NON_LITERAL_NULL_CONVERSION = YES;
				CLANG_WARN_OBJC_IMPLICIT_RETAIN_SELF = YES;
				CLANG_WARN_OBJC_LITERAL_CONVERSION = YES;
				CLANG_WARN_OBJC_ROOT_CLASS = YES_ERROR;
				CLANG_WARN_QUOTED_INCLUDE_IN_FRAMEWORK_HEADER = YES;
				CLANG_WARN_RANGE_LOOP_ANALYSIS = YES;
				CLANG_WARN_STRICT_PROTOTYPES = YES;
				CLANG_WARN_SUSPICIOUS_MOVE = YES;
				CLANG_WARN_UNGUARDED_AVAILABILITY = YES_AGGRESSIVE;
				CLANG_WARN_UNREACHABLE_CODE = YES;
				CLANG_WARN__DUPLICATE_METHOD_MATCH = YES;
				COPY_PHASE_STRIP = NO;
				DEBUG_INFORMATION_FORMAT = dwarf;
				ENABLE_STRICT_OBJC_MSGSEND = YES;
				ENABLE_TESTABILITY = YES;
				GCC_C_LANGUAGE_STANDARD = gnu11;
				GCC_DYNAMIC_NO_PIC = NO;
				GCC_NO_COMMON_BLOCKS = YES;
				GCC_OPTIMIZATION_LEVEL = 0;
				GCC_PREPROCESSOR_DEFINITIONS = (
					"DEBUG=1",
					"$(inherited)",
				);
				GCC_WARN_64_TO_32_BIT_CONVERSION = YES;
				GCC_WARN_ABOUT_RETURN_TYPE = YES_ERROR;
				GCC_WARN_UNDECLARED_SELECTOR = YES;
				GCC_WARN_UNINITIALIZED_AUTOS = YES_AGGRESSIVE;
				GCC_WARN_UNUSED_FUNCTION = YES;
				GCC_WARN_UNUSED_VARIABLE = YES;
				IPHONEOS_DEPLOYMENT_TARGET = 14.4;
				MTL_ENABLE_DEBUG_INFO = INCLUDE_SOURCE;
				MTL_FAST_MATH = YES;
				ONLY_ACTIVE_ARCH = YES;
				SDKROOT = iphoneos;
				SWIFT_ACTIVE_COMPILATION_CONDITIONS = DEBUG;
				SWIFT_OPTIMIZATION_LEVEL = "-Onone";
			};
			name = Debug;
		};
		DEBC6642267A3BFC00E03ED0 /* Release */ = {
			isa = XCBuildConfiguration;
			buildSettings = {
				ALWAYS_SEARCH_USER_PATHS = NO;
				CLANG_ANALYZER_NONNULL = YES;
				CLANG_ANALYZER_NUMBER_OBJECT_CONVERSION = YES_AGGRESSIVE;
				CLANG_CXX_LANGUAGE_STANDARD = "gnu++14";
				CLANG_CXX_LIBRARY = "libc++";
				CLANG_ENABLE_MODULES = YES;
				CLANG_ENABLE_OBJC_ARC = YES;
				CLANG_ENABLE_OBJC_WEAK = YES;
				CLANG_WARN_BLOCK_CAPTURE_AUTORELEASING = YES;
				CLANG_WARN_BOOL_CONVERSION = YES;
				CLANG_WARN_COMMA = YES;
				CLANG_WARN_CONSTANT_CONVERSION = YES;
				CLANG_WARN_DEPRECATED_OBJC_IMPLEMENTATIONS = YES;
				CLANG_WARN_DIRECT_OBJC_ISA_USAGE = YES_ERROR;
				CLANG_WARN_DOCUMENTATION_COMMENTS = YES;
				CLANG_WARN_EMPTY_BODY = YES;
				CLANG_WARN_ENUM_CONVERSION = YES;
				CLANG_WARN_INFINITE_RECURSION = YES;
				CLANG_WARN_INT_CONVERSION = YES;
				CLANG_WARN_NON_LITERAL_NULL_CONVERSION = YES;
				CLANG_WARN_OBJC_IMPLICIT_RETAIN_SELF = YES;
				CLANG_WARN_OBJC_LITERAL_CONVERSION = YES;
				CLANG_WARN_OBJC_ROOT_CLASS = YES_ERROR;
				CLANG_WARN_QUOTED_INCLUDE_IN_FRAMEWORK_HEADER = YES;
				CLANG_WARN_RANGE_LOOP_ANALYSIS = YES;
				CLANG_WARN_STRICT_PROTOTYPES = YES;
				CLANG_WARN_SUSPICIOUS_MOVE = YES;
				CLANG_WARN_UNGUARDED_AVAILABILITY = YES_AGGRESSIVE;
				CLANG_WARN_UNREACHABLE_CODE = YES;
				CLANG_WARN__DUPLICATE_METHOD_MATCH = YES;
				COPY_PHASE_STRIP = NO;
				DEBUG_INFORMATION_FORMAT = "dwarf-with-dsym";
				ENABLE_NS_ASSERTIONS = NO;
				ENABLE_STRICT_OBJC_MSGSEND = YES;
				GCC_C_LANGUAGE_STANDARD = gnu11;
				GCC_NO_COMMON_BLOCKS = YES;
				GCC_WARN_64_TO_32_BIT_CONVERSION = YES;
				GCC_WARN_ABOUT_RETURN_TYPE = YES_ERROR;
				GCC_WARN_UNDECLARED_SELECTOR = YES;
				GCC_WARN_UNINITIALIZED_AUTOS = YES_AGGRESSIVE;
				GCC_WARN_UNUSED_FUNCTION = YES;
				GCC_WARN_UNUSED_VARIABLE = YES;
				IPHONEOS_DEPLOYMENT_TARGET = 14.4;
				MTL_ENABLE_DEBUG_INFO = NO;
				MTL_FAST_MATH = YES;
				SDKROOT = iphoneos;
				SWIFT_COMPILATION_MODE = wholemodule;
				SWIFT_OPTIMIZATION_LEVEL = "-O";
				VALIDATE_PRODUCT = YES;
			};
			name = Release;
		};
		DEBC6644267A3BFC00E03ED0 /* Debug */ = {
			isa = XCBuildConfiguration;
			buildSettings = {
				ASSETCATALOG_COMPILER_APPICON_NAME = AppIcon;
				ASSETCATALOG_COMPILER_GLOBAL_ACCENT_COLOR_NAME = AccentColor;
				CODE_SIGN_STYLE = Automatic;
				DEVELOPMENT_TEAM = 942G6XY95Q;
				INFOPLIST_FILE = ChallengeiOS/Info.plist;
				LD_RUNPATH_SEARCH_PATHS = (
					"$(inherited)",
					"@executable_path/Frameworks",
				);
				PRODUCT_BUNDLE_IDENTIFIER = com.personal.ChallengeiOS;
				PRODUCT_NAME = "$(TARGET_NAME)";
				SWIFT_VERSION = 5.0;
				TARGETED_DEVICE_FAMILY = "1,2";
			};
			name = Debug;
		};
		DEBC6645267A3BFC00E03ED0 /* Release */ = {
			isa = XCBuildConfiguration;
			buildSettings = {
				ASSETCATALOG_COMPILER_APPICON_NAME = AppIcon;
				ASSETCATALOG_COMPILER_GLOBAL_ACCENT_COLOR_NAME = AccentColor;
				CODE_SIGN_STYLE = Automatic;
				DEVELOPMENT_TEAM = 942G6XY95Q;
				INFOPLIST_FILE = ChallengeiOS/Info.plist;
				LD_RUNPATH_SEARCH_PATHS = (
					"$(inherited)",
					"@executable_path/Frameworks",
				);
				PRODUCT_BUNDLE_IDENTIFIER = com.personal.ChallengeiOS;
				PRODUCT_NAME = "$(TARGET_NAME)";
				SWIFT_VERSION = 5.0;
				TARGETED_DEVICE_FAMILY = "1,2";
			};
			name = Release;
		};
		DEBC6647267A3BFC00E03ED0 /* Debug */ = {
			isa = XCBuildConfiguration;
			buildSettings = {
				ALWAYS_EMBED_SWIFT_STANDARD_LIBRARIES = YES;
				BUNDLE_LOADER = "$(TEST_HOST)";
				CODE_SIGN_STYLE = Automatic;
				DEVELOPMENT_TEAM = 942G6XY95Q;
				INFOPLIST_FILE = ChallengeiOSTests/Info.plist;
				IPHONEOS_DEPLOYMENT_TARGET = 14.4;
				LD_RUNPATH_SEARCH_PATHS = (
					"$(inherited)",
					"@executable_path/Frameworks",
					"@loader_path/Frameworks",
				);
				PRODUCT_BUNDLE_IDENTIFIER = com.personal.ChallengeiOSTests;
				PRODUCT_NAME = "$(TARGET_NAME)";
				SWIFT_VERSION = 5.0;
				TARGETED_DEVICE_FAMILY = "1,2";
				TEST_HOST = "$(BUILT_PRODUCTS_DIR)/ChallengeiOS.app/ChallengeiOS";
			};
			name = Debug;
		};
		DEBC6648267A3BFC00E03ED0 /* Release */ = {
			isa = XCBuildConfiguration;
			buildSettings = {
				ALWAYS_EMBED_SWIFT_STANDARD_LIBRARIES = YES;
				BUNDLE_LOADER = "$(TEST_HOST)";
				CODE_SIGN_STYLE = Automatic;
				DEVELOPMENT_TEAM = 942G6XY95Q;
				INFOPLIST_FILE = ChallengeiOSTests/Info.plist;
				IPHONEOS_DEPLOYMENT_TARGET = 14.4;
				LD_RUNPATH_SEARCH_PATHS = (
					"$(inherited)",
					"@executable_path/Frameworks",
					"@loader_path/Frameworks",
				);
				PRODUCT_BUNDLE_IDENTIFIER = com.personal.ChallengeiOSTests;
				PRODUCT_NAME = "$(TARGET_NAME)";
				SWIFT_VERSION = 5.0;
				TARGETED_DEVICE_FAMILY = "1,2";
				TEST_HOST = "$(BUILT_PRODUCTS_DIR)/ChallengeiOS.app/ChallengeiOS";
			};
			name = Release;
		};
		DEBC664A267A3BFC00E03ED0 /* Debug */ = {
			isa = XCBuildConfiguration;
			buildSettings = {
				ALWAYS_EMBED_SWIFT_STANDARD_LIBRARIES = YES;
				CODE_SIGN_STYLE = Automatic;
				DEVELOPMENT_TEAM = 942G6XY95Q;
				INFOPLIST_FILE = ChallengeiOSUITests/Info.plist;
				LD_RUNPATH_SEARCH_PATHS = (
					"$(inherited)",
					"@executable_path/Frameworks",
					"@loader_path/Frameworks",
				);
				PRODUCT_BUNDLE_IDENTIFIER = com.personal.ChallengeiOSUITests;
				PRODUCT_NAME = "$(TARGET_NAME)";
				SWIFT_VERSION = 5.0;
				TARGETED_DEVICE_FAMILY = "1,2";
				TEST_TARGET_NAME = ChallengeiOS;
			};
			name = Debug;
		};
		DEBC664B267A3BFC00E03ED0 /* Release */ = {
			isa = XCBuildConfiguration;
			buildSettings = {
				ALWAYS_EMBED_SWIFT_STANDARD_LIBRARIES = YES;
				CODE_SIGN_STYLE = Automatic;
				DEVELOPMENT_TEAM = 942G6XY95Q;
				INFOPLIST_FILE = ChallengeiOSUITests/Info.plist;
				LD_RUNPATH_SEARCH_PATHS = (
					"$(inherited)",
					"@executable_path/Frameworks",
					"@loader_path/Frameworks",
				);
				PRODUCT_BUNDLE_IDENTIFIER = com.personal.ChallengeiOSUITests;
				PRODUCT_NAME = "$(TARGET_NAME)";
				SWIFT_VERSION = 5.0;
				TARGETED_DEVICE_FAMILY = "1,2";
				TEST_TARGET_NAME = ChallengeiOS;
			};
			name = Release;
		};
/* End XCBuildConfiguration section */

/* Begin XCConfigurationList section */
		DEBC6614267A3BF800E03ED0 /* Build configuration list for PBXProject "ChallengeiOS" */ = {
			isa = XCConfigurationList;
			buildConfigurations = (
				DEBC6641267A3BFC00E03ED0 /* Debug */,
				DEBC6642267A3BFC00E03ED0 /* Release */,
			);
			defaultConfigurationIsVisible = 0;
			defaultConfigurationName = Release;
		};
		DEBC6643267A3BFC00E03ED0 /* Build configuration list for PBXNativeTarget "ChallengeiOS" */ = {
			isa = XCConfigurationList;
			buildConfigurations = (
				DEBC6644267A3BFC00E03ED0 /* Debug */,
				DEBC6645267A3BFC00E03ED0 /* Release */,
			);
			defaultConfigurationIsVisible = 0;
			defaultConfigurationName = Release;
		};
		DEBC6646267A3BFC00E03ED0 /* Build configuration list for PBXNativeTarget "ChallengeiOSTests" */ = {
			isa = XCConfigurationList;
			buildConfigurations = (
				DEBC6647267A3BFC00E03ED0 /* Debug */,
				DEBC6648267A3BFC00E03ED0 /* Release */,
			);
			defaultConfigurationIsVisible = 0;
			defaultConfigurationName = Release;
		};
		DEBC6649267A3BFC00E03ED0 /* Build configuration list for PBXNativeTarget "ChallengeiOSUITests" */ = {
			isa = XCConfigurationList;
			buildConfigurations = (
				DEBC664A267A3BFC00E03ED0 /* Debug */,
				DEBC664B267A3BFC00E03ED0 /* Release */,
			);
			defaultConfigurationIsVisible = 0;
			defaultConfigurationName = Release;
		};
/* End XCConfigurationList section */
	};
	rootObject = DEBC6611267A3BF800E03ED0 /* Project object */;
}
